
Microsoft Visual Studio Solution File, Format Version 12.00
# Visual Studio Version 16
VisualStudioVersion = 16.0.31005.135
MinimumVisualStudioVersion = 10.0.40219.1
Project("{8BC9CEB8-8B4A-11D0-8D11-00A0C91BC942}") = "NadoCoding2", "NadoCoding2\NadoCoding2.vcxproj", "{FDC6866A-6A6D-4EB6-939C-94854F6EEECD}"
EndProject
Global
	GlobalSection(SolutionConfigurationPlatforms) = preSolution
		Debug|x64 = Debug|x64
		Debug|x86 = Debug|x86
		Release|x64 = Release|x64
		Release|x86 = Release|x86
	EndGlobalSection
	GlobalSection(ProjectConfigurationPlatforms) = postSolution
		{FDC6866A-6A6D-4EB6-939C-94854F6EEECD}.Debug|x64.ActiveCfg = Debug|x64
		{FDC6866A-6A6D-4EB6-939C-94854F6EEECD}.Debug|x64.Build.0 = Debug|x64
		{FDC6866A-6A6D-4EB6-939C-94854F6EEECD}.Debug|x86.ActiveCfg = Debug|Win32
		{FDC6866A-6A6D-4EB6-939C-94854F6EEECD}.Debug|x86.Build.0 = Debug|Win32
		{FDC6866A-6A6D-4EB6-939C-94854F6EEECD}.Release|x64.ActiveCfg = Release|x64
		{FDC6866A-6A6D-4EB6-939C-94854F6EEECD}.Release|x64.Build.0 = Release|x64
		{FDC6866A-6A6D-4EB6-939C-94854F6EEECD}.Release|x86.ActiveCfg = Release|Win32
		{FDC6866A-6A6D-4EB6-939C-94854F6EEECD}.Release|x86.Build.0 = Release|Win32
	EndGlobalSection
	GlobalSection(SolutionProperties) = preSolution
		HideSolutionNode = FALSE
	EndGlobalSection
	GlobalSection(ExtensibilityGlobals) = postSolution
		SolutionGuid = {0753CEAF-0A9C-4C23-AFC9-D3CC47F2B6CB}
	EndGlobalSection
EndGlobal
